{
  "name": "statement-analyzer-tests",
  "lockfileVersion": 3,
  "requires": true,
  "packages": {
    "": {
      "name": "statement-analyzer-tests",
      "devDependencies": {
        "pdfjs-dist": "3.11.174"
      }
    },
    "node_modules/path2d-polyfill": {
      "version": "2.0.1",
      "dev": true,
      "license": "MIT",
      "optional": true,
      "engines": {
        "node": ">=8"
      }
    },
    "node_modules/pdfjs-dist": {
      "version": "3.11.174",
      "dev": true,
      "license": "Apache-2.0",
      "engines": {
        "node": ">=18"
      },
      "optionalDependencies": {
        "canvas": "^2.11.2",
        "path2d-polyfill": "^2.0.1"
      }
    }
  }
}
